{
  "name": "@asasvirtuais/airtable",
  "version": "2.0.0",
  "lockfileVersion": 3,
  "requires": true,
  "packages": {
    "": {
      "name": "@asasvirtuais/airtable",
      "version": "2.0.0",
      "license": "MIT",
      "dependencies": {
        "wretch": "^2.11.0"
      },
      "devDependencies": {
        "@asasvirtuais/crud": "file:../crud",
        "@types/node": "^22.15.21",
        "typescript": "^5.8.3"
      },
      "engines": {
        "node": ">=16"
      }
    },
    "../crud": {
      "name": "@asasvirtuais/crud",
      "version": "0.1.0",
      "dev": true,
      "license": "MIT",
      "dependencies": {
        "zod": "^3.25.67"
      },
      "devDependencies": {
        "@types/node": "^24.0.4",
        "typescript": "^5.0.0"
      },
      "peerDependencies": {
        "react": ">=18.0.0"
      },
      "peerDependenciesMeta": {
        "react": {
          "optional": true
        }
      }
    },
    "node_modules/@asasvirtuais/crud": {
      "resolved": "../crud",
      "link": true
    },
    "node_modules/@types/node": {
      "version": "22.15.32",
      "resolved": "https://registry.npmjs.org/@types/node/-/node-22.15.32.tgz",
      "integrity": "sha512-3jigKqgSjsH6gYZv2nEsqdXfZqIFGAV36XYYjf9KGZ3PSG+IhLecqPnI310RvjutyMwifE2hhhNEklOUrvx/wA==",
      "dev": true,
      "license": "MIT",
      "dependencies": {
        "undici-types": "~6.21.0"
      }
    },
    "node_modules/typescript": {
      "version": "5.8.3",
      "resolved": "https://registry.npmjs.org/typescript/-/typescript-5.8.3.tgz",
      "integrity": "sha512-p1diW6TqL9L07nNxvRMM7hMMw4c5XOo/1ibL4aAIGmSAt9slTE1Xgw5KWuof2uTOvCg9BY7ZRi+GaF+7sfgPeQ==",
      "dev": true,
      "license": "Apache-2.0",
      "bin": {
        "tsc": "bin/tsc",
        "tsserver": "bin/tsserver"
      },
      "engines": {
        "node": ">=14.17"
      }
    },
    "node_modules/undici-types": {
      "version": "6.21.0",
      "resolved": "https://registry.npmjs.org/undici-types/-/undici-types-6.21.0.tgz",
      "integrity": "sha512-iwDZqg0QAGrg9Rav5H4n0M64c3mkR59cJ6wQp+7C4nI0gsmExaedaYLNO44eT4AtBBwjbTiGPMlt2Md0T9H9JQ==",
      "dev": true,
      "license": "MIT"
    },
    "node_modules/wretch": {
      "version": "2.11.0",
      "resolved": "https://registry.npmjs.org/wretch/-/wretch-2.11.0.tgz",
      "integrity": "sha512-zbFW4PnPSS5RFQabHRkCAcMQjmFGrEQLcJwYe4YGXL9KWXneu03Dtaz2JUeqEkOwNDMjdfHEHPL+AIZJwE+y1g==",
      "license": "MIT",
      "engines": {
        "node": ">=14"
      }
    }
  }
}
